// !$*UTF8*$!
{
	archiveVersion = 1;
	classes = {
	};
	objectVersion = 46;
	objects = {

/* Begin PBXBuildFile section */
		5630C6311B964A91001CA65D /* KeyToolViewController.swift in Sources */ = {isa = PBXBuildFile; fileRef = 5630C6281B964A91001CA65D /* KeyToolViewController.swift */; };
		5630C6321B964A91001CA65D /* ConfirmViewController.swift in Sources */ = {isa = PBXBuildFile; fileRef = 5630C6291B964A91001CA65D /* ConfirmViewController.swift */; };
		5630C6331B964A91001CA65D /* KeyViewController.swift in Sources */ = {isa = PBXBuildFile; fileRef = 5630C62A1B964A91001CA65D /* KeyViewController.swift */; };
		5630C6341B964A91001CA65D /* QRCodeViewController.swift in Sources */ = {isa = PBXBuildFile; fileRef = 5630C62B1B964A91001CA65D /* QRCodeViewController.swift */; };
		5630C6361B964A91001CA65D /* RecoverViewController.swift in Sources */ = {isa = PBXBuildFile; fileRef = 5630C62D1B964A91001CA65D /* RecoverViewController.swift */; };
		5630C6371B964A91001CA65D /* RootViewController.swift in Sources */ = {isa = PBXBuildFile; fileRef = 5630C62E1B964A91001CA65D /* RootViewController.swift */; };
		5630C6381B964A91001CA65D /* ScanViewController.swift in Sources */ = {isa = PBXBuildFile; fileRef = 5630C62F1B964A91001CA65D /* ScanViewController.swift */; };
		5630C6391B964A91001CA65D /* SuccessViewController.swift in Sources */ = {isa = PBXBuildFile; fileRef = 5630C6301B964A91001CA65D /* SuccessViewController.swift */; };
		5630C64D1B964CB7001CA65D /* AlertManager.swift in Sources */ = {isa = PBXBuildFile; fileRef = 5630C6431B964CB7001CA65D /* AlertManager.swift */; };
		5630C64E1B964CB7001CA65D /* AppDelegate.swift in Sources */ = {isa = PBXBuildFile; fileRef = 5630C6441B964CB7001CA65D /* AppDelegate.swift */; };
		5630C6501B964CB7001CA65D /* BitGoTextView.swift in Sources */ = {isa = PBXBuildFile; fileRef = 5630C6481B964CB7001CA65D /* BitGoTextView.swift */; };
		5630C6511B964CB7001CA65D /* Images.xcassets in Resources */ = {isa = PBXBuildFile; fileRef = 5630C6491B964CB7001CA65D /* Images.xcassets */; };
		5630C6521B964CB7001CA65D /* KeyInfo.swift in Sources */ = {isa = PBXBuildFile; fileRef = 5630C64A1B964CB7001CA65D /* KeyInfo.swift */; };
		5630C6531B964CB7001CA65D /* KeyInfoManager.swift in Sources */ = {isa = PBXBuildFile; fileRef = 5630C64B1B964CB7001CA65D /* KeyInfoManager.swift */; };
		5630C6541B964CB7001CA65D /* Storyboard.storyboard in Resources */ = {isa = PBXBuildFile; fileRef = 5630C64C1B964CB7001CA65D /* Storyboard.storyboard */; };
		5630C6571B964CDE001CA65D /* LaunchScreen.xib in Resources */ = {isa = PBXBuildFile; fileRef = 5630C6551B964CDE001CA65D /* LaunchScreen.xib */; };
		5630C65A1B964CF2001CA65D /* bitgo.com.cer in Resources */ = {isa = PBXBuildFile; fileRef = 5630C6581B964CF2001CA65D /* bitgo.com.cer */; };
		5630C65B1B964CF2001CA65D /* Info.plist in Resources */ = {isa = PBXBuildFile; fileRef = 5630C6591B964CF2001CA65D /* Info.plist */; };
		5656EFFB1B6984AE008A0740 /* UIKit.framework in Frameworks */ = {isa = PBXBuildFile; fileRef = 5656EFFA1B6984AE008A0740 /* UIKit.framework */; };
		5656EFFD1B6984B3008A0740 /* Foundation.framework in Frameworks */ = {isa = PBXBuildFile; fileRef = 5656EFFC1B6984B3008A0740 /* Foundation.framework */; };
		5656F0051B698BC5008A0740 /* AVFoundation.framework in Frameworks */ = {isa = PBXBuildFile; fileRef = 5656F0041B698BC5008A0740 /* AVFoundation.framework */; };
		5656F0281B699D2C008A0740 /* AVFoundation.framework in Frameworks */ = {isa = PBXBuildFile; fileRef = 5656F0041B698BC5008A0740 /* AVFoundation.framework */; };
		5656F0291B699D31008A0740 /* Foundation.framework in Frameworks */ = {isa = PBXBuildFile; fileRef = 5656EFFC1B6984B3008A0740 /* Foundation.framework */; };
		5656F02A1B699D36008A0740 /* UIKit.framework in Frameworks */ = {isa = PBXBuildFile; fileRef = 5656EFFA1B6984AE008A0740 /* UIKit.framework */; };
		569FAA821B6AA3A600F5AAC3 /* Alamofire.framework in Frameworks */ = {isa = PBXBuildFile; fileRef = 569FAA7B1B6AA35200F5AAC3 /* Alamofire.framework */; };
		569FAA831B6AA3A600F5AAC3 /* Alamofire.framework in Embed Frameworks */ = {isa = PBXBuildFile; fileRef = 569FAA7B1B6AA35200F5AAC3 /* Alamofire.framework */; settings = {ATTRIBUTES = (CodeSignOnCopy, RemoveHeadersOnCopy, ); }; };
		569FAABB1B71745900F5AAC3 /* simulatorHelper.c in Sources */ = {isa = PBXBuildFile; fileRef = 569FAABA1B71745900F5AAC3 /* simulatorHelper.c */; };
		569FAABC1B71745900F5AAC3 /* simulatorHelper.c in Sources */ = {isa = PBXBuildFile; fileRef = 569FAABA1B71745900F5AAC3 /* simulatorHelper.c */; };
		56B453DD1B964DD4001858B7 /* KeyToolTests.swift in Sources */ = {isa = PBXBuildFile; fileRef = 56B453DC1B964DD4001858B7 /* KeyToolTests.swift */; };
		56B453DF1B964DDF001858B7 /* Info.plist in Resources */ = {isa = PBXBuildFile; fileRef = 56B453DE1B964DDF001858B7 /* Info.plist */; };
		56DC2B471B727F5300EA0E72 /* QuartzCore.framework in Frameworks */ = {isa = PBXBuildFile; fileRef = 56DC2B461B727F5300EA0E72 /* QuartzCore.framework */; };
		56DC2B651B72A47200EA0E72 /* CoreBitcoin.framework in Frameworks */ = {isa = PBXBuildFile; fileRef = 56DC2B641B72A47200EA0E72 /* CoreBitcoin.framework */; };
/* End PBXBuildFile section */

/* Begin PBXContainerItemProxy section */
		5656EFD61B6982A6008A0740 /* PBXContainerItemProxy */ = {
			isa = PBXContainerItemProxy;
			containerPortal = 5656EFB81B6982A6008A0740 /* Project object */;
			proxyType = 1;
			remoteGlobalIDString = 5656EFBF1B6982A6008A0740;
			remoteInfo = ColdKeySwift;
		};
		569FAA7A1B6AA35200F5AAC3 /* PBXContainerItemProxy */ = {
			isa = PBXContainerItemProxy;
			containerPortal = 569FAA731B6AA35200F5AAC3 /* Alamofire.xcodeproj */;
			proxyType = 2;
			remoteGlobalIDString = F8111E3319A95C8B0040E7D1;
			remoteInfo = "Alamofire iOS";
		};
		569FAA7C1B6AA35200F5AAC3 /* PBXContainerItemProxy */ = {
			isa = PBXContainerItemProxy;
			containerPortal = 569FAA731B6AA35200F5AAC3 /* Alamofire.xcodeproj */;
			proxyType = 2;
			remoteGlobalIDString = 4DD67C0B1A5C55C900ED2280;
			remoteInfo = "Alamofire OSX";
		};
		569FAA7E1B6AA35200F5AAC3 /* PBXContainerItemProxy */ = {
			isa = PBXContainerItemProxy;
			containerPortal = 569FAA731B6AA35200F5AAC3 /* Alamofire.xcodeproj */;
			proxyType = 2;
			remoteGlobalIDString = F8111E3E19A95C8B0040E7D1;
			remoteInfo = "Alamofire iOS Tests";
		};
		569FAA801B6AA35200F5AAC3 /* PBXContainerItemProxy */ = {
			isa = PBXContainerItemProxy;
			containerPortal = 569FAA731B6AA35200F5AAC3 /* Alamofire.xcodeproj */;
			proxyType = 2;
			remoteGlobalIDString = F829C6B21A7A94F100A2CD59;
			remoteInfo = "Alamofire OSX Tests";
		};
		569FAA841B6AA3A700F5AAC3 /* PBXContainerItemProxy */ = {
			isa = PBXContainerItemProxy;
			containerPortal = 569FAA731B6AA35200F5AAC3 /* Alamofire.xcodeproj */;
			proxyType = 1;
			remoteGlobalIDString = F8111E3219A95C8B0040E7D1;
			remoteInfo = "Alamofire iOS";
		};
		56B453E91B9662E5001858B7 /* PBXContainerItemProxy */ = {
			isa = PBXContainerItemProxy;
			containerPortal = 56B453E01B9662E4001858B7 /* CoreBitcoin.xcodeproj */;
			proxyType = 2;
			remoteGlobalIDString = 2084DD5D17B8FF47005AC9E6;
			remoteInfo = UnitTests;
		};
		56B453EB1B9662E5001858B7 /* PBXContainerItemProxy */ = {
			isa = PBXContainerItemProxy;
			containerPortal = 56B453E01B9662E4001858B7 /* CoreBitcoin.xcodeproj */;
			proxyType = 2;
			remoteGlobalIDString = 206B0113183547C200878B8D;
			remoteInfo = CoreBitcoinOSX;
		};
		56B453ED1B9662E5001858B7 /* PBXContainerItemProxy */ = {
			isa = PBXContainerItemProxy;
			containerPortal = 56B453E01B9662E4001858B7 /* CoreBitcoin.xcodeproj */;
			proxyType = 2;
			remoteGlobalIDString = 20148ADF18355D7200E68E9C;
			remoteInfo = CoreBitcoinIOSlib;
		};
		56B453EF1B9662E5001858B7 /* PBXContainerItemProxy */ = {
			isa = PBXContainerItemProxy;
			containerPortal = 56B453E01B9662E4001858B7 /* CoreBitcoin.xcodeproj */;
			proxyType = 2;
			remoteGlobalIDString = 20148C031835638200E68E9C;
			remoteInfo = CoreBitcoinIOS;
		};
		56B453F11B9662E5001858B7 /* PBXContainerItemProxy */ = {
			isa = PBXContainerItemProxy;
			containerPortal = 56B453E01B9662E4001858B7 /* CoreBitcoin.xcodeproj */;
			proxyType = 2;
			remoteGlobalIDString = 20148C9B183643AB00E68E9C;
			remoteInfo = CoreBitcoinOSXlib;
		};
		56B453F31B9662E5001858B7 /* PBXContainerItemProxy */ = {
			isa = PBXContainerItemProxy;
			containerPortal = 56B453E01B9662E4001858B7 /* CoreBitcoin.xcodeproj */;
			proxyType = 2;
			remoteGlobalIDString = 757B24151B03F1BF0084A9DE;
			remoteInfo = CoreBitcoinTestsOSX;
		};
/* End PBXContainerItemProxy section */

/* Begin PBXCopyFilesBuildPhase section */
		569FAA861B6AA3A700F5AAC3 /* Embed Frameworks */ = {
			isa = PBXCopyFilesBuildPhase;
			buildActionMask = 2147483647;
			dstPath = "";
			dstSubfolderSpec = 10;
			files = (
				569FAA831B6AA3A600F5AAC3 /* Alamofire.framework in Embed Frameworks */,
			);
			name = "Embed Frameworks";
			runOnlyForDeploymentPostprocessing = 0;
		};
/* End PBXCopyFilesBuildPhase section */

/* Begin PBXFileReference section */
		5630C6281B964A91001CA65D /* KeyToolViewController.swift */ = {isa = PBXFileReference; fileEncoding = 4; lastKnownFileType = sourcecode.swift; lineEnding = 0; name = KeyToolViewController.swift; path = KeyTool/KeyToolViewController.swift; sourceTree = SOURCE_ROOT; xcLanguageSpecificationIdentifier = xcode.lang.swift; };
		5630C6291B964A91001CA65D /* ConfirmViewController.swift */ = {isa = PBXFileReference; fileEncoding = 4; lastKnownFileType = sourcecode.swift; lineEnding = 0; name = ConfirmViewController.swift; path = KeyTool/ConfirmViewController.swift; sourceTree = SOURCE_ROOT; xcLanguageSpecificationIdentifier = xcode.lang.swift; };
		5630C62A1B964A91001CA65D /* KeyViewController.swift */ = {isa = PBXFileReference; fileEncoding = 4; lastKnownFileType = sourcecode.swift; lineEnding = 0; name = KeyViewController.swift; path = KeyTool/KeyViewController.swift; sourceTree = SOURCE_ROOT; xcLanguageSpecificationIdentifier = xcode.lang.swift; };
		5630C62B1B964A91001CA65D /* QRCodeViewController.swift */ = {isa = PBXFileReference; fileEncoding = 4; lastKnownFileType = sourcecode.swift; lineEnding = 0; name = QRCodeViewController.swift; path = KeyTool/QRCodeViewController.swift; sourceTree = SOURCE_ROOT; xcLanguageSpecificationIdentifier = xcode.lang.swift; };
		5630C62D1B964A91001CA65D /* RecoverViewController.swift */ = {isa = PBXFileReference; fileEncoding = 4; lastKnownFileType = sourcecode.swift; lineEnding = 0; name = RecoverViewController.swift; path = KeyTool/RecoverViewController.swift; sourceTree = SOURCE_ROOT; xcLanguageSpecificationIdentifier = xcode.lang.swift; };
		5630C62E1B964A91001CA65D /* RootViewController.swift */ = {isa = PBXFileReference; fileEncoding = 4; lastKnownFileType = sourcecode.swift; lineEnding = 0; name = RootViewController.swift; path = KeyTool/RootViewController.swift; sourceTree = SOURCE_ROOT; xcLanguageSpecificationIdentifier = xcode.lang.swift; };
		5630C62F1B964A91001CA65D /* ScanViewController.swift */ = {isa = PBXFileReference; fileEncoding = 4; lastKnownFileType = sourcecode.swift; lineEnding = 0; name = ScanViewController.swift; path = KeyTool/ScanViewController.swift; sourceTree = SOURCE_ROOT; xcLanguageSpecificationIdentifier = xcode.lang.swift; };
		5630C6301B964A91001CA65D /* SuccessViewController.swift */ = {isa = PBXFileReference; fileEncoding = 4; lastKnownFileType = sourcecode.swift; lineEnding = 0; name = SuccessViewController.swift; path = KeyTool/SuccessViewController.swift; sourceTree = SOURCE_ROOT; xcLanguageSpecificationIdentifier = xcode.lang.swift; };
		5630C6431B964CB7001CA65D /* AlertManager.swift */ = {isa = PBXFileReference; fileEncoding = 4; lastKnownFileType = sourcecode.swift; lineEnding = 0; name = AlertManager.swift; path = KeyTool/AlertManager.swift; sourceTree = SOURCE_ROOT; xcLanguageSpecificationIdentifier = xcode.lang.swift; };
		5630C6441B964CB7001CA65D /* AppDelegate.swift */ = {isa = PBXFileReference; fileEncoding = 4; lastKnownFileType = sourcecode.swift; lineEnding = 0; name = AppDelegate.swift; path = KeyTool/AppDelegate.swift; sourceTree = SOURCE_ROOT; xcLanguageSpecificationIdentifier = xcode.lang.swift; };
		5630C6481B964CB7001CA65D /* BitGoTextView.swift */ = {isa = PBXFileReference; fileEncoding = 4; lastKnownFileType = sourcecode.swift; lineEnding = 0; name = BitGoTextView.swift; path = KeyTool/BitGoTextView.swift; sourceTree = SOURCE_ROOT; xcLanguageSpecificationIdentifier = xcode.lang.swift; };
		5630C6491B964CB7001CA65D /* Images.xcassets */ = {isa = PBXFileReference; lastKnownFileType = folder.assetcatalog; name = Images.xcassets; path = KeyTool/Images.xcassets; sourceTree = SOURCE_ROOT; };
		5630C64A1B964CB7001CA65D /* KeyInfo.swift */ = {isa = PBXFileReference; fileEncoding = 4; lastKnownFileType = sourcecode.swift; lineEnding = 0; name = KeyInfo.swift; path = KeyTool/KeyInfo.swift; sourceTree = SOURCE_ROOT; xcLanguageSpecificationIdentifier = xcode.lang.swift; };
		5630C64B1B964CB7001CA65D /* KeyInfoManager.swift */ = {isa = PBXFileReference; fileEncoding = 4; lastKnownFileType = sourcecode.swift; lineEnding = 0; name = KeyInfoManager.swift; path = KeyTool/KeyInfoManager.swift; sourceTree = SOURCE_ROOT; xcLanguageSpecificationIdentifier = xcode.lang.swift; };
		5630C64C1B964CB7001CA65D /* Storyboard.storyboard */ = {isa = PBXFileReference; fileEncoding = 4; lastKnownFileType = file.storyboard; name = Storyboard.storyboard; path = KeyTool/Storyboard.storyboard; sourceTree = SOURCE_ROOT; };
		5630C6561B964CDE001CA65D /* Base */ = {isa = PBXFileReference; lastKnownFileType = file.xib; name = Base; path = KeyTool/Base.lproj/LaunchScreen.xib; sourceTree = SOURCE_ROOT; };
		5630C6581B964CF2001CA65D /* bitgo.com.cer */ = {isa = PBXFileReference; lastKnownFileType = file; name = bitgo.com.cer; path = KeyTool/bitgo.com.cer; sourceTree = SOURCE_ROOT; };
		5630C6591B964CF2001CA65D /* Info.plist */ = {isa = PBXFileReference; fileEncoding = 4; lastKnownFileType = text.plist.xml; name = Info.plist; path = KeyTool/Info.plist; sourceTree = SOURCE_ROOT; };
		5656EFC01B6982A6008A0740 /* KeyTool.app */ = {isa = PBXFileReference; explicitFileType = wrapper.application; includeInIndex = 0; path = KeyTool.app; sourceTree = BUILT_PRODUCTS_DIR; };
		5656EFD51B6982A6008A0740 /* KeyToolTests.xctest */ = {isa = PBXFileReference; explicitFileType = wrapper.cfbundle; includeInIndex = 0; path = KeyToolTests.xctest; sourceTree = BUILT_PRODUCTS_DIR; };
		5656EFFA1B6984AE008A0740 /* UIKit.framework */ = {isa = PBXFileReference; lastKnownFileType = wrapper.framework; name = UIKit.framework; path = System/Library/Frameworks/UIKit.framework; sourceTree = SDKROOT; };
		5656EFFC1B6984B3008A0740 /* Foundation.framework */ = {isa = PBXFileReference; lastKnownFileType = wrapper.framework; name = Foundation.framework; path = System/Library/Frameworks/Foundation.framework; sourceTree = SDKROOT; };
		5656F0041B698BC5008A0740 /* AVFoundation.framework */ = {isa = PBXFileReference; lastKnownFileType = wrapper.framework; name = AVFoundation.framework; path = System/Library/Frameworks/AVFoundation.framework; sourceTree = SDKROOT; };
		5656F0271B699CC3008A0740 /* BridgingHeader.h */ = {isa = PBXFileReference; fileEncoding = 4; lastKnownFileType = sourcecode.c.h; lineEnding = 0; path = BridgingHeader.h; sourceTree = "<group>"; xcLanguageSpecificationIdentifier = xcode.lang.objcpp; };
		569FAA731B6AA35200F5AAC3 /* Alamofire.xcodeproj */ = {isa = PBXFileReference; lastKnownFileType = "wrapper.pb-project"; name = Alamofire.xcodeproj; path = ../Libraries/Alamofire/Alamofire.xcodeproj; sourceTree = "<group>"; };
		569FAABA1B71745900F5AAC3 /* simulatorHelper.c */ = {isa = PBXFileReference; fileEncoding = 4; lastKnownFileType = sourcecode.c.c; lineEnding = 0; path = simulatorHelper.c; sourceTree = "<group>"; xcLanguageSpecificationIdentifier = xcode.lang.c; };
		56B453DC1B964DD4001858B7 /* KeyToolTests.swift */ = {isa = PBXFileReference; fileEncoding = 4; lastKnownFileType = sourcecode.swift; lineEnding = 0; name = KeyToolTests.swift; path = KeyToolTests/KeyToolTests.swift; sourceTree = SOURCE_ROOT; xcLanguageSpecificationIdentifier = xcode.lang.swift; };
		56B453DE1B964DDF001858B7 /* Info.plist */ = {isa = PBXFileReference; fileEncoding = 4; lastKnownFileType = text.plist.xml; name = Info.plist; path = KeyToolTests/Info.plist; sourceTree = SOURCE_ROOT; };
		56B453E01B9662E4001858B7 /* CoreBitcoin.xcodeproj */ = {isa = PBXFileReference; lastKnownFileType = "wrapper.pb-project"; name = CoreBitcoin.xcodeproj; path = ../Libraries/CoreBitcoin/CoreBitcoin.xcodeproj; sourceTree = "<group>"; };
		56DC2B461B727F5300EA0E72 /* QuartzCore.framework */ = {isa = PBXFileReference; lastKnownFileType = wrapper.framework; name = QuartzCore.framework; path = System/Library/Frameworks/QuartzCore.framework; sourceTree = SDKROOT; };
		56DC2B641B72A47200EA0E72 /* CoreBitcoin.framework */ = {isa = PBXFileReference; lastKnownFileType = wrapper.framework; name = CoreBitcoin.framework; path = ../../Libraries/CoreBitcoin/binaries/iOS/CoreBitcoin.framework; sourceTree = "<group>"; };
/* End PBXFileReference section */

/* Begin PBXFrameworksBuildPhase section */
		5656EFBD1B6982A6008A0740 /* Frameworks */ = {
			isa = PBXFrameworksBuildPhase;
			buildActionMask = 2147483647;
			files = (
				56DC2B651B72A47200EA0E72 /* CoreBitcoin.framework in Frameworks */,
				56DC2B471B727F5300EA0E72 /* QuartzCore.framework in Frameworks */,
				5656F0051B698BC5008A0740 /* AVFoundation.framework in Frameworks */,
				5656EFFD1B6984B3008A0740 /* Foundation.framework in Frameworks */,
				569FAA821B6AA3A600F5AAC3 /* Alamofire.framework in Frameworks */,
				5656EFFB1B6984AE008A0740 /* UIKit.framework in Frameworks */,
			);
			runOnlyForDeploymentPostprocessing = 0;
		};
		5656EFD21B6982A6008A0740 /* Frameworks */ = {
			isa = PBXFrameworksBuildPhase;
			buildActionMask = 2147483647;
			files = (
				5656F02A1B699D36008A0740 /* UIKit.framework in Frameworks */,
				5656F0291B699D31008A0740 /* Foundation.framework in Frameworks */,
				5656F0281B699D2C008A0740 /* AVFoundation.framework in Frameworks */,
			);
			runOnlyForDeploymentPostprocessing = 0;
		};
/* End PBXFrameworksBuildPhase section */

/* Begin PBXGroup section */
		5656EFB71B6982A6008A0740 = {
			isa = PBXGroup;
			children = (
				56B453E01B9662E4001858B7 /* CoreBitcoin.xcodeproj */,
				569FAA731B6AA35200F5AAC3 /* Alamofire.xcodeproj */,
				5656F0271B699CC3008A0740 /* BridgingHeader.h */,
				569FAABA1B71745900F5AAC3 /* simulatorHelper.c */,
				5656EFC21B6982A6008A0740 /* KeyTool */,
				5656EFD81B6982A6008A0740 /* KeyToolTests */,
				5656EFC11B6982A6008A0740 /* Products */,
			);
			sourceTree = "<group>";
		};
		5656EFC11B6982A6008A0740 /* Products */ = {
			isa = PBXGroup;
			children = (
				5656EFC01B6982A6008A0740 /* KeyTool.app */,
				5656EFD51B6982A6008A0740 /* KeyToolTests.xctest */,
			);
			name = Products;
			sourceTree = "<group>";
		};
		5656EFC21B6982A6008A0740 /* KeyTool */ = {
			isa = PBXGroup;
			children = (
				5630C6551B964CDE001CA65D /* LaunchScreen.xib */,
				5630C6431B964CB7001CA65D /* AlertManager.swift */,
				5630C6441B964CB7001CA65D /* AppDelegate.swift */,
				5630C6481B964CB7001CA65D /* BitGoTextView.swift */,
				5630C6491B964CB7001CA65D /* Images.xcassets */,
				5630C64A1B964CB7001CA65D /* KeyInfo.swift */,
				5630C64B1B964CB7001CA65D /* KeyInfoManager.swift */,
				5630C64C1B964CB7001CA65D /* Storyboard.storyboard */,
				569FAAAE1B706D9300F5AAC3 /* Controllers */,
				5656EFC31B6982A6008A0740 /* Supporting Files */,
			);
			name = KeyTool;
			path = ColdKeySwift;
			sourceTree = "<group>";
		};
		5656EFC31B6982A6008A0740 /* Supporting Files */ = {
			isa = PBXGroup;
			children = (
				5630C6581B964CF2001CA65D /* bitgo.com.cer */,
				5630C6591B964CF2001CA65D /* Info.plist */,
				56DC2B641B72A47200EA0E72 /* CoreBitcoin.framework */,
				56DC2B461B727F5300EA0E72 /* QuartzCore.framework */,
				5656F0041B698BC5008A0740 /* AVFoundation.framework */,
				5656EFFC1B6984B3008A0740 /* Foundation.framework */,
				5656EFFA1B6984AE008A0740 /* UIKit.framework */,
			);
			name = "Supporting Files";
			sourceTree = "<group>";
		};
		5656EFD81B6982A6008A0740 /* KeyToolTests */ = {
			isa = PBXGroup;
			children = (
				56B453DC1B964DD4001858B7 /* KeyToolTests.swift */,
				5656EFD91B6982A6008A0740 /* Supporting Files */,
			);
			name = KeyToolTests;
			path = ColdKeySwiftTests;
			sourceTree = "<group>";
		};
		5656EFD91B6982A6008A0740 /* Supporting Files */ = {
			isa = PBXGroup;
			children = (
				56B453DE1B964DDF001858B7 /* Info.plist */,
			);
			name = "Supporting Files";
			sourceTree = "<group>";
		};
		569FAA741B6AA35200F5AAC3 /* Products */ = {
			isa = PBXGroup;
			children = (
				569FAA7B1B6AA35200F5AAC3 /* Alamofire.framework */,
				569FAA7D1B6AA35200F5AAC3 /* Alamofire.framework */,
				569FAA7F1B6AA35200F5AAC3 /* Alamofire iOS Tests.xctest */,
				569FAA811B6AA35200F5AAC3 /* Alamofire OSX Tests.xctest */,
			);
			name = Products;
			sourceTree = "<group>";
		};
		569FAAAE1B706D9300F5AAC3 /* Controllers */ = {
			isa = PBXGroup;
			children = (
				5630C6281B964A91001CA65D /* KeyToolViewController.swift */,
				5630C6291B964A91001CA65D /* ConfirmViewController.swift */,
				5630C62A1B964A91001CA65D /* KeyViewController.swift */,
				5630C62B1B964A91001CA65D /* QRCodeViewController.swift */,
				5630C62D1B964A91001CA65D /* RecoverViewController.swift */,
				5630C62E1B964A91001CA65D /* RootViewController.swift */,
				5630C62F1B964A91001CA65D /* ScanViewController.swift */,
				5630C6301B964A91001CA65D /* SuccessViewController.swift */,
			);
			name = Controllers;
			sourceTree = "<group>";
		};
		56B453E11B9662E4001858B7 /* Products */ = {
			isa = PBXGroup;
			children = (
				56B453EA1B9662E5001858B7 /* UnitTests */,
				56B453EC1B9662E5001858B7 /* CoreBitcoinOSX.framework */,
				56B453EE1B9662E5001858B7 /* libCoreBitcoinIOS.a */,
				56B453F01B9662E5001858B7 /* CoreBitcoinIOS.framework */,
				56B453F21B9662E5001858B7 /* libCoreBitcoinOSX.a */,
				56B453F41B9662E5001858B7 /* CoreBitcoinTestsOSX.xctest */,
			);
			name = Products;
			sourceTree = "<group>";
		};
/* End PBXGroup section */

/* Begin PBXNativeTarget section */
		5656EFBF1B6982A6008A0740 /* KeyTool */ = {
			isa = PBXNativeTarget;
			buildConfigurationList = 5656EFDF1B6982A6008A0740 /* Build configuration list for PBXNativeTarget "KeyTool" */;
			buildPhases = (
				5656EFBC1B6982A6008A0740 /* Sources */,
				5656EFBD1B6982A6008A0740 /* Frameworks */,
				5656EFBE1B6982A6008A0740 /* Resources */,
				569FAA861B6AA3A700F5AAC3 /* Embed Frameworks */,
			);
			buildRules = (
			);
			dependencies = (
				569FAA851B6AA3A700F5AAC3 /* PBXTargetDependency */,
			);
			name = KeyTool;
			productName = ColdKeySwift;
			productReference = 5656EFC01B6982A6008A0740 /* KeyTool.app */;
			productType = "com.apple.product-type.application";
		};
		5656EFD41B6982A6008A0740 /* KeyToolTests */ = {
			isa = PBXNativeTarget;
			buildConfigurationList = 5656EFE21B6982A6008A0740 /* Build configuration list for PBXNativeTarget "KeyToolTests" */;
			buildPhases = (
				5656EFD11B6982A6008A0740 /* Sources */,
				5656EFD21B6982A6008A0740 /* Frameworks */,
				5656EFD31B6982A6008A0740 /* Resources */,
			);
			buildRules = (
			);
			dependencies = (
				5656EFD71B6982A6008A0740 /* PBXTargetDependency */,
			);
			name = KeyToolTests;
			productName = ColdKeySwiftTests;
			productReference = 5656EFD51B6982A6008A0740 /* KeyToolTests.xctest */;
			productType = "com.apple.product-type.bundle.unit-test";
		};
/* End PBXNativeTarget section */

/* Begin PBXProject section */
		5656EFB81B6982A6008A0740 /* Project object */ = {
			isa = PBXProject;
			attributes = {
				LastUpgradeCheck = 0640;
				ORGANIZATIONNAME = "BitGo, Inc.";
				TargetAttributes = {
					5656EFBF1B6982A6008A0740 = {
						CreatedOnToolsVersion = 6.4;
						DevelopmentTeam = 36HK6AMALB;
					};
					5656EFD41B6982A6008A0740 = {
						CreatedOnToolsVersion = 6.4;
						DevelopmentTeam = 36HK6AMALB;
						TestTargetID = 5656EFBF1B6982A6008A0740;
					};
				};
			};
			buildConfigurationList = 5656EFBB1B6982A6008A0740 /* Build configuration list for PBXProject "KeyTool" */;
			compatibilityVersion = "Xcode 3.2";
			developmentRegion = English;
			hasScannedForEncodings = 0;
			knownRegions = (
				en,
				Base,
			);
			mainGroup = 5656EFB71B6982A6008A0740;
			productRefGroup = 5656EFC11B6982A6008A0740 /* Products */;
			projectDirPath = "";
			projectReferences = (
				{
					ProductGroup = 569FAA741B6AA35200F5AAC3 /* Products */;
					ProjectRef = 569FAA731B6AA35200F5AAC3 /* Alamofire.xcodeproj */;
				},
				{
					ProductGroup = 56B453E11B9662E4001858B7 /* Products */;
					ProjectRef = 56B453E01B9662E4001858B7 /* CoreBitcoin.xcodeproj */;
				},
			);
			projectRoot = "";
			targets = (
				5656EFBF1B6982A6008A0740 /* KeyTool */,
				5656EFD41B6982A6008A0740 /* KeyToolTests */,
			);
		};
/* End PBXProject section */

/* Begin PBXReferenceProxy section */
		569FAA7B1B6AA35200F5AAC3 /* Alamofire.framework */ = {
			isa = PBXReferenceProxy;
			fileType = wrapper.framework;
			path = Alamofire.framework;
			remoteRef = 569FAA7A1B6AA35200F5AAC3 /* PBXContainerItemProxy */;
			sourceTree = BUILT_PRODUCTS_DIR;
		};
		569FAA7D1B6AA35200F5AAC3 /* Alamofire.framework */ = {
			isa = PBXReferenceProxy;
			fileType = wrapper.framework;
			path = Alamofire.framework;
			remoteRef = 569FAA7C1B6AA35200F5AAC3 /* PBXContainerItemProxy */;
			sourceTree = BUILT_PRODUCTS_DIR;
		};
		569FAA7F1B6AA35200F5AAC3 /* Alamofire iOS Tests.xctest */ = {
			isa = PBXReferenceProxy;
			fileType = wrapper.cfbundle;
			path = "Alamofire iOS Tests.xctest";
			remoteRef = 569FAA7E1B6AA35200F5AAC3 /* PBXContainerItemProxy */;
			sourceTree = BUILT_PRODUCTS_DIR;
		};
		569FAA811B6AA35200F5AAC3 /* Alamofire OSX Tests.xctest */ = {
			isa = PBXReferenceProxy;
			fileType = wrapper.cfbundle;
			path = "Alamofire OSX Tests.xctest";
			remoteRef = 569FAA801B6AA35200F5AAC3 /* PBXContainerItemProxy */;
			sourceTree = BUILT_PRODUCTS_DIR;
		};
		56B453EA1B9662E5001858B7 /* UnitTests */ = {
			isa = PBXReferenceProxy;
			fileType = "compiled.mach-o.executable";
			path = UnitTests;
			remoteRef = 56B453E91B9662E5001858B7 /* PBXContainerItemProxy */;
			sourceTree = BUILT_PRODUCTS_DIR;
		};
		56B453EC1B9662E5001858B7 /* CoreBitcoinOSX.framework */ = {
			isa = PBXReferenceProxy;
			fileType = wrapper.framework;
			path = CoreBitcoinOSX.framework;
			remoteRef = 56B453EB1B9662E5001858B7 /* PBXContainerItemProxy */;
			sourceTree = BUILT_PRODUCTS_DIR;
		};
		56B453EE1B9662E5001858B7 /* libCoreBitcoinIOS.a */ = {
			isa = PBXReferenceProxy;
			fileType = archive.ar;
			path = libCoreBitcoinIOS.a;
			remoteRef = 56B453ED1B9662E5001858B7 /* PBXContainerItemProxy */;
			sourceTree = BUILT_PRODUCTS_DIR;
		};
		56B453F01B9662E5001858B7 /* CoreBitcoinIOS.framework */ = {
			isa = PBXReferenceProxy;
			fileType = wrapper.cfbundle;
			path = CoreBitcoinIOS.framework;
			remoteRef = 56B453EF1B9662E5001858B7 /* PBXContainerItemProxy */;
			sourceTree = BUILT_PRODUCTS_DIR;
		};
		56B453F21B9662E5001858B7 /* libCoreBitcoinOSX.a */ = {
			isa = PBXReferenceProxy;
			fileType = archive.ar;
			path = libCoreBitcoinOSX.a;
			remoteRef = 56B453F11B9662E5001858B7 /* PBXContainerItemProxy */;
			sourceTree = BUILT_PRODUCTS_DIR;
		};
		56B453F41B9662E5001858B7 /* CoreBitcoinTestsOSX.xctest */ = {
			isa = PBXReferenceProxy;
			fileType = wrapper.cfbundle;
			path = CoreBitcoinTestsOSX.xctest;
			remoteRef = 56B453F31B9662E5001858B7 /* PBXContainerItemProxy */;
			sourceTree = BUILT_PRODUCTS_DIR;
		};
/* End PBXReferenceProxy section */

/* Begin PBXResourcesBuildPhase section */
		5656EFBE1B6982A6008A0740 /* Resources */ = {
			isa = PBXResourcesBuildPhase;
			buildActionMask = 2147483647;
			files = (
				5630C6511B964CB7001CA65D /* Images.xcassets in Resources */,
				5630C6571B964CDE001CA65D /* LaunchScreen.xib in Resources */,
				5630C6541B964CB7001CA65D /* Storyboard.storyboard in Resources */,
				5630C65B1B964CF2001CA65D /* Info.plist in Resources */,
				5630C65A1B964CF2001CA65D /* bitgo.com.cer in Resources */,
			);
			runOnlyForDeploymentPostprocessing = 0;
		};
		5656EFD31B6982A6008A0740 /* Resources */ = {
			isa = PBXResourcesBuildPhase;
			buildActionMask = 2147483647;
			files = (
				56B453DF1B964DDF001858B7 /* Info.plist in Resources */,
			);
			runOnlyForDeploymentPostprocessing = 0;
		};
/* End PBXResourcesBuildPhase section */

/* Begin PBXSourcesBuildPhase section */
		5656EFBC1B6982A6008A0740 /* Sources */ = {
			isa = PBXSourcesBuildPhase;
			buildActionMask = 2147483647;
			files = (
				5630C6311B964A91001CA65D /* KeyToolViewController.swift in Sources */,
				5630C64D1B964CB7001CA65D /* AlertManager.swift in Sources */,
				5630C6321B964A91001CA65D /* ConfirmViewController.swift in Sources */,
				5630C6531B964CB7001CA65D /* KeyInfoManager.swift in Sources */,
				569FAABB1B71745900F5AAC3 /* simulatorHelper.c in Sources */,
				5630C64E1B964CB7001CA65D /* AppDelegate.swift in Sources */,
				5630C6381B964A91001CA65D /* ScanViewController.swift in Sources */,
				5630C6371B964A91001CA65D /* RootViewController.swift in Sources */,
				5630C6361B964A91001CA65D /* RecoverViewController.swift in Sources */,
				5630C6521B964CB7001CA65D /* KeyInfo.swift in Sources */,
				5630C6341B964A91001CA65D /* QRCodeViewController.swift in Sources */,
				5630C6331B964A91001CA65D /* KeyViewController.swift in Sources */,
				5630C6501B964CB7001CA65D /* BitGoTextView.swift in Sources */,
				5630C6391B964A91001CA65D /* SuccessViewController.swift in Sources */,
			);
			runOnlyForDeploymentPostprocessing = 0;
		};
		5656EFD11B6982A6008A0740 /* Sources */ = {
			isa = PBXSourcesBuildPhase;
			buildActionMask = 2147483647;
			files = (
				569FAABC1B71745900F5AAC3 /* simulatorHelper.c in Sources */,
				56B453DD1B964DD4001858B7 /* KeyToolTests.swift in Sources */,
			);
			runOnlyForDeploymentPostprocessing = 0;
		};
/* End PBXSourcesBuildPhase section */

/* Begin PBXTargetDependency section */
		5656EFD71B6982A6008A0740 /* PBXTargetDependency */ = {
			isa = PBXTargetDependency;
			target = 5656EFBF1B6982A6008A0740 /* KeyTool */;
			targetProxy = 5656EFD61B6982A6008A0740 /* PBXContainerItemProxy */;
		};
		569FAA851B6AA3A700F5AAC3 /* PBXTargetDependency */ = {
			isa = PBXTargetDependency;
			name = "Alamofire iOS";
			targetProxy = 569FAA841B6AA3A700F5AAC3 /* PBXContainerItemProxy */;
		};
/* End PBXTargetDependency section */

/* Begin PBXVariantGroup section */
		5630C6551B964CDE001CA65D /* LaunchScreen.xib */ = {
			isa = PBXVariantGroup;
			children = (
				5630C6561B964CDE001CA65D /* Base */,
			);
			name = LaunchScreen.xib;
			sourceTree = "<group>";
		};
/* End PBXVariantGroup section */

/* Begin XCBuildConfiguration section */
		5656EFDD1B6982A6008A0740 /* Debug */ = {
			isa = XCBuildConfiguration;
			buildSettings = {
				ALWAYS_SEARCH_USER_PATHS = YES;
				CLANG_CXX_LANGUAGE_STANDARD = "gnu++0x";
				CLANG_CXX_LIBRARY = "libc++";
				CLANG_ENABLE_MODULES = YES;
				CLANG_ENABLE_OBJC_ARC = YES;
				CLANG_WARN_BOOL_CONVERSION = YES;
				CLANG_WARN_CONSTANT_CONVERSION = YES;
				CLANG_WARN_DIRECT_OBJC_ISA_USAGE = YES_ERROR;
				CLANG_WARN_EMPTY_BODY = YES;
				CLANG_WARN_ENUM_CONVERSION = YES;
				CLANG_WARN_INT_CONVERSION = YES;
				CLANG_WARN_OBJC_ROOT_CLASS = YES_ERROR;
				CLANG_WARN_UNREACHABLE_CODE = YES;
				CLANG_WARN__DUPLICATE_METHOD_MATCH = YES;
				CODE_SIGN_IDENTITY = "iPhone Developer: Huang Yu (8N78DXZTKK)";
				"CODE_SIGN_IDENTITY[sdk=iphoneos*]" = "iPhone Developer: Huang Yu (8N78DXZTKK)";
				COPY_PHASE_STRIP = NO;
				DEBUG_INFORMATION_FORMAT = "dwarf-with-dsym";
				DEFINES_MODULE = YES;
				ENABLE_STRICT_OBJC_MSGSEND = YES;
				FRAMEWORK_SEARCH_PATHS = "";
				GCC_C_LANGUAGE_STANDARD = gnu99;
				GCC_DYNAMIC_NO_PIC = NO;
				GCC_NO_COMMON_BLOCKS = YES;
				GCC_OPTIMIZATION_LEVEL = 0;
				GCC_PREPROCESSOR_DEFINITIONS = (
					"DEBUG=1",
					"$(inherited)",
				);
				GCC_SYMBOLS_PRIVATE_EXTERN = NO;
				GCC_WARN_64_TO_32_BIT_CONVERSION = YES;
				GCC_WARN_ABOUT_RETURN_TYPE = YES_ERROR;
				GCC_WARN_UNDECLARED_SELECTOR = YES;
				GCC_WARN_UNINITIALIZED_AUTOS = YES_AGGRESSIVE;
				GCC_WARN_UNUSED_FUNCTION = YES;
				GCC_WARN_UNUSED_VARIABLE = YES;
				HEADER_SEARCH_PATHS = (
					"$(inherited)",
					/Applications/Xcode.app/Contents/Developer/Toolchains/XcodeDefault.xctoolchain/usr/include,
				);
				IPHONEOS_DEPLOYMENT_TARGET = 8.0;
				LIBRARY_SEARCH_PATHS = "";
				MTL_ENABLE_DEBUG_INFO = YES;
				ONLY_ACTIVE_ARCH = YES;
				PROVISIONING_PROFILE = "24401508-3c71-4bce-bc6a-bb9fbe77f851";
				SDKROOT = iphoneos;
				SWIFT_OBJC_BRIDGING_HEADER = BridgingHeader.h;
				SWIFT_OPTIMIZATION_LEVEL = "-Onone";
				SWIFT_WHOLE_MODULE_OPTIMIZATION = YES;
				TARGETED_DEVICE_FAMILY = "1,2";
				USER_HEADER_SEARCH_PATHS = "$(PROJECT_DIR)/../Libraries/CoreBitcoin/**";
			};
			name = Debug;
		};
		5656EFDE1B6982A6008A0740 /* Release */ = {
			isa = XCBuildConfiguration;
			buildSettings = {
				ALWAYS_SEARCH_USER_PATHS = YES;
				CLANG_CXX_LANGUAGE_STANDARD = "gnu++0x";
				CLANG_CXX_LIBRARY = "libc++";
				CLANG_ENABLE_MODULES = YES;
				CLANG_ENABLE_OBJC_ARC = YES;
				CLANG_WARN_BOOL_CONVERSION = YES;
				CLANG_WARN_CONSTANT_CONVERSION = YES;
				CLANG_WARN_DIRECT_OBJC_ISA_USAGE = YES_ERROR;
				CLANG_WARN_EMPTY_BODY = YES;
				CLANG_WARN_ENUM_CONVERSION = YES;
				CLANG_WARN_INT_CONVERSION = YES;
				CLANG_WARN_OBJC_ROOT_CLASS = YES_ERROR;
				CLANG_WARN_UNREACHABLE_CODE = YES;
				CLANG_WARN__DUPLICATE_METHOD_MATCH = YES;
				CODE_SIGN_IDENTITY = "iPhone Developer: Huang Yu (8N78DXZTKK)";
				"CODE_SIGN_IDENTITY[sdk=iphoneos*]" = "iPhone Developer: Huang Yu (8N78DXZTKK)";
				COPY_PHASE_STRIP = NO;
				DEBUG_INFORMATION_FORMAT = "dwarf-with-dsym";
				DEFINES_MODULE = YES;
				ENABLE_NS_ASSERTIONS = NO;
				ENABLE_STRICT_OBJC_MSGSEND = YES;
				FRAMEWORK_SEARCH_PATHS = "";
				GCC_C_LANGUAGE_STANDARD = gnu99;
				GCC_NO_COMMON_BLOCKS = YES;
				GCC_WARN_64_TO_32_BIT_CONVERSION = YES;
				GCC_WARN_ABOUT_RETURN_TYPE = YES_ERROR;
				GCC_WARN_UNDECLARED_SELECTOR = YES;
				GCC_WARN_UNINITIALIZED_AUTOS = YES_AGGRESSIVE;
				GCC_WARN_UNUSED_FUNCTION = YES;
				GCC_WARN_UNUSED_VARIABLE = YES;
				HEADER_SEARCH_PATHS = (
					"$(inherited)",
					/Applications/Xcode.app/Contents/Developer/Toolchains/XcodeDefault.xctoolchain/usr/include,
				);
				IPHONEOS_DEPLOYMENT_TARGET = 8.0;
				LIBRARY_SEARCH_PATHS = "";
				MTL_ENABLE_DEBUG_INFO = NO;
				PROVISIONING_PROFILE = "24401508-3c71-4bce-bc6a-bb9fbe77f851";
				SDKROOT = iphoneos;
				SWIFT_OBJC_BRIDGING_HEADER = BridgingHeader.h;
				SWIFT_WHOLE_MODULE_OPTIMIZATION = YES;
				TARGETED_DEVICE_FAMILY = "1,2";
				USER_HEADER_SEARCH_PATHS = "$(PROJECT_DIR)/../Libraries/CoreBitcoin/**";
				VALIDATE_PRODUCT = YES;
			};
			name = Release;
		};
		5656EFE01B6982A6008A0740 /* Debug */ = {
			isa = XCBuildConfiguration;
			buildSettings = {
				ASSETCATALOG_COMPILER_APPICON_NAME = AppIcon;
				CLANG_ENABLE_MODULES = YES;
				CODE_SIGN_IDENTITY = "iPhone Developer";
				"CODE_SIGN_IDENTITY[sdk=iphoneos*]" = "iPhone Developer";
				FRAMEWORK_SEARCH_PATHS = (
					"$(inherited)",
					"$(PROJECT_DIR)/KeyTool",
					"$(PROJECT_DIR)/../Libraries/CoreBitcoin/binaries/iOS",
				);
				HEADER_SEARCH_PATHS = (
					"$(inherited)",
					/Applications/Xcode.app/Contents/Developer/Toolchains/XcodeDefault.xctoolchain/usr/include,
				);
				INFOPLIST_FILE = "$(SRCROOT)/KeyTool/Info.plist";
				IPHONEOS_DEPLOYMENT_TARGET = 8.0;
				LD_RUNPATH_SEARCH_PATHS = "$(inherited) @executable_path/Frameworks";
				LIBRARY_SEARCH_PATHS = "$(inherited)";
				PRODUCT_NAME = KeyTool;
				PROVISIONING_PROFILE = "";
				SWIFT_OBJC_BRIDGING_HEADER = BridgingHeader.h;
				SWIFT_OPTIMIZATION_LEVEL = "-Onone";
				TARGETED_DEVICE_FAMILY = "1,2";
			};
			name = Debug;
		};
		5656EFE11B6982A6008A0740 /* Release */ = {
			isa = XCBuildConfiguration;
			buildSettings = {
				ASSETCATALOG_COMPILER_APPICON_NAME = AppIcon;
				CLANG_ENABLE_MODULES = YES;
				CODE_SIGN_IDENTITY = "iPhone Developer";
				"CODE_SIGN_IDENTITY[sdk=iphoneos*]" = "iPhone Developer";
				FRAMEWORK_SEARCH_PATHS = (
					"$(inherited)",
					"$(PROJECT_DIR)/KeyTool",
					"$(PROJECT_DIR)/../Libraries/CoreBitcoin/binaries/iOS",
				);
				HEADER_SEARCH_PATHS = (
					"$(inherited)",
					/Applications/Xcode.app/Contents/Developer/Toolchains/XcodeDefault.xctoolchain/usr/include,
				);
				INFOPLIST_FILE = "$(SRCROOT)/KeyTool/Info.plist";
				IPHONEOS_DEPLOYMENT_TARGET = 8.0;
				LD_RUNPATH_SEARCH_PATHS = "$(inherited) @executable_path/Frameworks";
				LIBRARY_SEARCH_PATHS = "$(inherited)";
				PRODUCT_NAME = KeyTool;
				PROVISIONING_PROFILE = "";
				SWIFT_OBJC_BRIDGING_HEADER = BridgingHeader.h;
				TARGETED_DEVICE_FAMILY = "1,2";
			};
			name = Release;
		};
		5656EFE31B6982A6008A0740 /* Debug */ = {
			isa = XCBuildConfiguration;
			buildSettings = {
				BUNDLE_LOADER = "$(TEST_HOST)";
				CLANG_ENABLE_MODULES = YES;
				CODE_SIGN_IDENTITY = "iPhone Developer";
				"CODE_SIGN_IDENTITY[sdk=iphoneos*]" = "iPhone Developer";
				FRAMEWORK_SEARCH_PATHS = (
					"$(SDKROOT)/Developer/Library/Frameworks",
					"$(inherited)",
					"$(PROJECT_DIR)/KeyTool",
				);
				GCC_PREPROCESSOR_DEFINITIONS = (
					"DEBUG=1",
					"$(inherited)",
				);
				INFOPLIST_FILE = "$(SRCROOT)/KeyToolTests/Info.plist";
				LD_RUNPATH_SEARCH_PATHS = "$(inherited) @executable_path/Frameworks @loader_path/Frameworks";
				PRODUCT_NAME = "$(TARGET_NAME)";
				PROVISIONING_PROFILE = "";
				SWIFT_OBJC_BRIDGING_HEADER = BridgingHeader.h;
				SWIFT_OPTIMIZATION_LEVEL = "-Onone";
				TEST_HOST = "$(BUILT_PRODUCTS_DIR)/KeyTool.app/KeyTool";
			};
			name = Debug;
		};
		5656EFE41B6982A6008A0740 /* Release */ = {
			isa = XCBuildConfiguration;
			buildSettings = {
				BUNDLE_LOADER = "$(TEST_HOST)";
				CLANG_ENABLE_MODULES = YES;
				CODE_SIGN_IDENTITY = "iPhone Developer";
				"CODE_SIGN_IDENTITY[sdk=iphoneos*]" = "iPhone Developer";
				FRAMEWORK_SEARCH_PATHS = (
					"$(SDKROOT)/Developer/Library/Frameworks",
					"$(inherited)",
					"$(PROJECT_DIR)/KeyTool",
				);
				INFOPLIST_FILE = "$(SRCROOT)/KeyToolTests/Info.plist";
				LD_RUNPATH_SEARCH_PATHS = "$(inherited) @executable_path/Frameworks @loader_path/Frameworks";
				PRODUCT_NAME = "$(TARGET_NAME)";
				PROVISIONING_PROFILE = "";
				SWIFT_OBJC_BRIDGING_HEADER = BridgingHeader.h;
				TEST_HOST = "$(BUILT_PRODUCTS_DIR)/KeyTool.app/KeyTool";
			};
			name = Release;
		};
/* End XCBuildConfiguration section */

/* Begin XCConfigurationList section */
		5656EFBB1B6982A6008A0740 /* Build configuration list for PBXProject "KeyTool" */ = {
			isa = XCConfigurationList;
			buildConfigurations = (
				5656EFDD1B6982A6008A0740 /* Debug */,
				5656EFDE1B6982A6008A0740 /* Release */,
			);
			defaultConfigurationIsVisible = 0;
			defaultConfigurationName = Release;
		};
		5656EFDF1B6982A6008A0740 /* Build configuration list for PBXNativeTarget "KeyTool" */ = {
			isa = XCConfigurationList;
			buildConfigurations = (
				5656EFE01B6982A6008A0740 /* Debug */,
				5656EFE11B6982A6008A0740 /* Release */,
			);
			defaultConfigurationIsVisible = 0;
			defaultConfigurationName = Release;
		};
		5656EFE21B6982A6008A0740 /* Build configuration list for PBXNativeTarget "KeyToolTests" */ = {
			isa = XCConfigurationList;
			buildConfigurations = (
				5656EFE31B6982A6008A0740 /* Debug */,
				5656EFE41B6982A6008A0740 /* Release */,
			);
			defaultConfigurationIsVisible = 0;
			defaultConfigurationName = Release;
		};
/* End XCConfigurationList section */
	};
	rootObject = 5656EFB81B6982A6008A0740 /* Project object */;
}
